
Microsoft Visual Studio Solution File, Format Version 12.00
# Visual Studio Version 17
VisualStudioVersion = 17.4.33205.214
MinimumVisualStudioVersion = 10.0.40219.1
Project("{FAE04EC0-301F-11D3-BF4B-00C04F79EFBC}") = "UserTask", "UserTask.csproj", "{EE21D49C-3107-479D-9087-DF587FEF796E}"
EndProject
Project("{FAE04EC0-301F-11D3-BF4B-00C04F79EFBC}") = "Api", "..\Api\Api.csproj", "{C1C0B600-7DF1-4524-918E-49F180AE98C2}"
EndProject
Project("{FAE04EC0-301F-11D3-BF4B-00C04F79EFBC}") = "Logic", "..\Logic\Logic.csproj", "{49FE3C56-2F91-4373-AACA-6F9FA0A21C43}"
EndProject
Project("{FAE04EC0-301F-11D3-BF4B-00C04F79EFBC}") = "Core", "..\Core\Core.csproj", "{4AF3B032-DF5B-44C5-A4FA-51EC85CAAE00}"
EndProject
Project("{FAE04EC0-301F-11D3-BF4B-00C04F79EFBC}") = "Mappings", "..\Mappings\Mappings.csproj", "{CA039E09-D7FE-4DE3-9142-623C686DAB68}"
EndProject
Global
	GlobalSection(SolutionConfigurationPlatforms) = preSolution
		Debug|Any CPU = Debug|Any CPU
		Release|Any CPU = Release|Any CPU
	EndGlobalSection
	GlobalSection(ProjectConfigurationPlatforms) = postSolution
		{EE21D49C-3107-479D-9087-DF587FEF796E}.Debug|Any CPU.ActiveCfg = Debug|Any CPU
		{EE21D49C-3107-479D-9087-DF587FEF796E}.Debug|Any CPU.Build.0 = Debug|Any CPU
		{EE21D49C-3107-479D-9087-DF587FEF796E}.Release|Any CPU.ActiveCfg = Release|Any CPU
		{EE21D49C-3107-479D-9087-DF587FEF796E}.Release|Any CPU.Build.0 = Release|Any CPU
		{C1C0B600-7DF1-4524-918E-49F180AE98C2}.Debug|Any CPU.ActiveCfg = Debug|Any CPU
		{C1C0B600-7DF1-4524-918E-49F180AE98C2}.Debug|Any CPU.Build.0 = Debug|Any CPU
		{C1C0B600-7DF1-4524-918E-49F180AE98C2}.Release|Any CPU.ActiveCfg = Release|Any CPU
		{C1C0B600-7DF1-4524-918E-49F180AE98C2}.Release|Any CPU.Build.0 = Release|Any CPU
		{49FE3C56-2F91-4373-AACA-6F9FA0A21C43}.Debug|Any CPU.ActiveCfg = Debug|Any CPU
		{49FE3C56-2F91-4373-AACA-6F9FA0A21C43}.Debug|Any CPU.Build.0 = Debug|Any CPU
		{49FE3C56-2F91-4373-AACA-6F9FA0A21C43}.Release|Any CPU.ActiveCfg = Release|Any CPU
		{49FE3C56-2F91-4373-AACA-6F9FA0A21C43}.Release|Any CPU.Build.0 = Release|Any CPU
		{4AF3B032-DF5B-44C5-A4FA-51EC85CAAE00}.Debug|Any CPU.ActiveCfg = Debug|Any CPU
		{4AF3B032-DF5B-44C5-A4FA-51EC85CAAE00}.Debug|Any CPU.Build.0 = Debug|Any CPU
		{4AF3B032-DF5B-44C5-A4FA-51EC85CAAE00}.Release|Any CPU.ActiveCfg = Release|Any CPU
		{4AF3B032-DF5B-44C5-A4FA-51EC85CAAE00}.Release|Any CPU.Build.0 = Release|Any CPU
		{CA039E09-D7FE-4DE3-9142-623C686DAB68}.Debug|Any CPU.ActiveCfg = Debug|Any CPU
		{CA039E09-D7FE-4DE3-9142-623C686DAB68}.Debug|Any CPU.Build.0 = Debug|Any CPU
		{CA039E09-D7FE-4DE3-9142-623C686DAB68}.Release|Any CPU.ActiveCfg = Release|Any CPU
		{CA039E09-D7FE-4DE3-9142-623C686DAB68}.Release|Any CPU.Build.0 = Release|Any CPU
	EndGlobalSection
	GlobalSection(SolutionProperties) = preSolution
		HideSolutionNode = FALSE
	EndGlobalSection
	GlobalSection(ExtensibilityGlobals) = postSolution
		SolutionGuid = {129EA339-FBE7-424D-896C-DA950F70FB93}
	EndGlobalSection
EndGlobal
